// !$*UTF8*$!
{
	archiveVersion = 1;
	classes = {
	};
	objectVersion = 50;
	objects = {

/* Begin PBXBuildFile section */
		8534BC78218EE4EC00A0EC4E /* JSBLoginPlugin.m in Sources */ = {isa = PBXBuildFile; fileRef = 8534BC6D218EE4EB00A0EC4E /* JSBLoginPlugin.m */; };
		8534BC7A218EE4EC00A0EC4E /* JSBContactPlugin.m in Sources */ = {isa = PBXBuildFile; fileRef = 8534BC6F218EE4EB00A0EC4E /* JSBContactPlugin.m */; };
		8534BC7B218EE4EC00A0EC4E /* JSBAlbumPlugin.m in Sources */ = {isa = PBXBuildFile; fileRef = 8534BC70218EE4EB00A0EC4E /* JSBAlbumPlugin.m */; };
		8534BC7C218EE4EC00A0EC4E /* JSBOpenCameraPlugin.m in Sources */ = {isa = PBXBuildFile; fileRef = 8534BC74218EE4EC00A0EC4E /* JSBOpenCameraPlugin.m */; };
		8534BC7D218EE4EC00A0EC4E /* JSBQrCodeScannerPlugin.m in Sources */ = {isa = PBXBuildFile; fileRef = 8534BC77218EE4EC00A0EC4E /* JSBQrCodeScannerPlugin.m */; };
		8534BC82218F1BFE00A0EC4E /* WrapperViewController.m in Sources */ = {isa = PBXBuildFile; fileRef = 8534BC81218F1BFE00A0EC4E /* WrapperViewController.m */; };
		8534BC85218F265400A0EC4E /* TabBarController.m in Sources */ = {isa = PBXBuildFile; fileRef = 8534BC84218F265400A0EC4E /* TabBarController.m */; };
		8534BC88218F280100A0EC4E /* ProfileViewController.m in Sources */ = {isa = PBXBuildFile; fileRef = 8534BC87218F280100A0EC4E /* ProfileViewController.m */; };
		8534BC8A218F287700A0EC4E /* ProfileViewController.xib in Resources */ = {isa = PBXBuildFile; fileRef = 8534BC89218F287700A0EC4E /* ProfileViewController.xib */; };
		8534BC8D218F371B00A0EC4E /* JSBSendMessagePlugin.m in Sources */ = {isa = PBXBuildFile; fileRef = 8534BC8C218F371B00A0EC4E /* JSBSendMessagePlugin.m */; };
		8534BC90218F38FE00A0EC4E /* JSBCallContactPlugin.m in Sources */ = {isa = PBXBuildFile; fileRef = 8534BC8F218F38FE00A0EC4E /* JSBCallContactPlugin.m */; };
		854A7718218588EA0027704C /* JSBWebView.m in Sources */ = {isa = PBXBuildFile; fileRef = 854A7716218588E90027704C /* JSBWebView.m */; };
		854A7721218589100027704C /* JSBridgeViewController.m in Sources */ = {isa = PBXBuildFile; fileRef = 854A7720218589100027704C /* JSBridgeViewController.m */; };
		854A7723218589A90027704C /* index.html in Resources */ = {isa = PBXBuildFile; fileRef = 854A7722218589A90027704C /* index.html */; };
		8E1DF332FC4AC0F70FD10525 /* libPods-KuangJia.a in Frameworks */ = {isa = PBXBuildFile; fileRef = 25FF6B74BF10169A07AC3F86 /* libPods-KuangJia.a */; };
		CA6B04A9218A6508005AC311 /* KJRegisterView.m in Sources */ = {isa = PBXBuildFile; fileRef = CA6B049E218A6508005AC311 /* KJRegisterView.m */; };
		CA6B04AA218A6508005AC311 /* KJRegisterViewController.m in Sources */ = {isa = PBXBuildFile; fileRef = CA6B049F218A6508005AC311 /* KJRegisterViewController.m */; };
		CA6B04AB218A6508005AC311 /* KJForgetViewController.m in Sources */ = {isa = PBXBuildFile; fileRef = CA6B04A4218A6508005AC311 /* KJForgetViewController.m */; };
		CA6B04AC218A6508005AC311 /* KJForgetView.m in Sources */ = {isa = PBXBuildFile; fileRef = CA6B04A6218A6508005AC311 /* KJForgetView.m */; };
		CA6B04BC218A6514005AC311 /* KJLoginView.m in Sources */ = {isa = PBXBuildFile; fileRef = CA6B04B0218A6514005AC311 /* KJLoginView.m */; };
		CA6B04BD218A6514005AC311 /* country.plist in Resources */ = {isa = PBXBuildFile; fileRef = CA6B04B1218A6514005AC311 /* country.plist */; };
		CA6B04BE218A6514005AC311 /* KJCountryTableViewController.m in Sources */ = {isa = PBXBuildFile; fileRef = CA6B04B4218A6514005AC311 /* KJCountryTableViewController.m */; };
		CA6B04BF218A6514005AC311 /* KJTextField.m in Sources */ = {isa = PBXBuildFile; fileRef = CA6B04B5218A6514005AC311 /* KJTextField.m */; };
		CA6B04C0218A6514005AC311 /* KJLoginViewController.m in Sources */ = {isa = PBXBuildFile; fileRef = CA6B04B7218A6514005AC311 /* KJLoginViewController.m */; };
		CA6B04C3218A6514005AC311 /* back.png in Resources */ = {isa = PBXBuildFile; fileRef = CA6B04BB218A6514005AC311 /* back.png */; };
		CA6B04C6218A888C005AC311 /* close@3x.png in Resources */ = {isa = PBXBuildFile; fileRef = CA6B04C4218A888B005AC311 /* close@3x.png */; };
		CA6B04C7218A888C005AC311 /* close@2x.png in Resources */ = {isa = PBXBuildFile; fileRef = CA6B04C5218A888B005AC311 /* close@2x.png */; };
		CA6B04CA218AD554005AC311 /* KJResultDisplayController.m in Sources */ = {isa = PBXBuildFile; fileRef = CA6B04C9218AD553005AC311 /* KJResultDisplayController.m */; };
		CA6B04E6218BB88E005AC311 /* UIColor+KJHEX.m in Sources */ = {isa = PBXBuildFile; fileRef = CA6B04E5218BB88E005AC311 /* UIColor+KJHEX.m */; };
		CA6B04ED218BFFED005AC311 /* country.png in Resources */ = {isa = PBXBuildFile; fileRef = CA6B04EB218BFFED005AC311 /* country.png */; };
		CA6B04EE218BFFED005AC311 /* country_gray.png in Resources */ = {isa = PBXBuildFile; fileRef = CA6B04EC218BFFED005AC311 /* country_gray.png */; };
		CAD39D7A219FD8D200CBA6E0 /* KJSetPwdViewController.m in Sources */ = {isa = PBXBuildFile; fileRef = CAD39D79219FD8D200CBA6E0 /* KJSetPwdViewController.m */; };
		CAD39D7D21A1654000CBA6E0 /* KJLoginModel.m in Sources */ = {isa = PBXBuildFile; fileRef = CAD39D7C21A1654000CBA6E0 /* KJLoginModel.m */; };
		E62A39C5217EB988005DC986 /* AppDelegate.m in Sources */ = {isa = PBXBuildFile; fileRef = E62A39C4217EB988005DC986 /* AppDelegate.m */; };
		E62A39C8217EB988005DC986 /* ViewController.m in Sources */ = {isa = PBXBuildFile; fileRef = E62A39C7217EB988005DC986 /* ViewController.m */; };
		E62A39CB217EB988005DC986 /* Main.storyboard in Resources */ = {isa = PBXBuildFile; fileRef = E62A39C9217EB988005DC986 /* Main.storyboard */; };
		E62A39CD217EB989005DC986 /* Assets.xcassets in Resources */ = {isa = PBXBuildFile; fileRef = E62A39CC217EB989005DC986 /* Assets.xcassets */; };
		E62A39D0217EB989005DC986 /* LaunchScreen.storyboard in Resources */ = {isa = PBXBuildFile; fileRef = E62A39CE217EB989005DC986 /* LaunchScreen.storyboard */; };
		E62A39D3217EB989005DC986 /* main.m in Sources */ = {isa = PBXBuildFile; fileRef = E62A39D2217EB989005DC986 /* main.m */; };
		E662D22F218B3D8400A6B9E9 /* YDScanerNaviViewController.m in Sources */ = {isa = PBXBuildFile; fileRef = E662D22D218B3D8400A6B9E9 /* YDScanerNaviViewController.m */; };
		E662D230218B3D8400A6B9E9 /* YDScanerViewController.m in Sources */ = {isa = PBXBuildFile; fileRef = E662D22E218B3D8400A6B9E9 /* YDScanerViewController.m */; };
		E662D23A218B3D8C00A6B9E9 /* IMY_NJKWebViewProgress.m in Sources */ = {isa = PBXBuildFile; fileRef = E662D233218B3D8C00A6B9E9 /* IMY_NJKWebViewProgress.m */; };
		E662D23B218B3D8C00A6B9E9 /* IMYWebView.m in Sources */ = {isa = PBXBuildFile; fileRef = E662D235218B3D8C00A6B9E9 /* IMYWebView.m */; };
		E662D23C218B3D8C00A6B9E9 /* WYWeakScriptMessageDelegate.m in Sources */ = {isa = PBXBuildFile; fileRef = E662D237218B3D8C00A6B9E9 /* WYWeakScriptMessageDelegate.m */; };
		E662D23D218B3D8C00A6B9E9 /* YDScanWebViewController.m in Sources */ = {isa = PBXBuildFile; fileRef = E662D239218B3D8C00A6B9E9 /* YDScanWebViewController.m */; };
		E662D246218B3D9400A6B9E9 /* UIColor+ARCatalog.m in Sources */ = {isa = PBXBuildFile; fileRef = E662D240218B3D9400A6B9E9 /* UIColor+ARCatalog.m */; };
		E662D247218B3D9400A6B9E9 /* UIView+XBFrame.m in Sources */ = {isa = PBXBuildFile; fileRef = E662D242218B3D9400A6B9E9 /* UIView+XBFrame.m */; };
		E662D248218B3D9400A6B9E9 /* XBWeakProxy.m in Sources */ = {isa = PBXBuildFile; fileRef = E662D245218B3D9400A6B9E9 /* XBWeakProxy.m */; };
		E662D24D218B3D9C00A6B9E9 /* scan_circle@2x.png in Resources */ = {isa = PBXBuildFile; fileRef = E662D24A218B3D9B00A6B9E9 /* scan_circle@2x.png */; };
		E662D24E218B3D9C00A6B9E9 /* scan_line@2x.png in Resources */ = {isa = PBXBuildFile; fileRef = E662D24B218B3D9B00A6B9E9 /* scan_line@2x.png */; };
		E662D24F218B3D9C00A6B9E9 /* scanSuccess.wav in Resources */ = {isa = PBXBuildFile; fileRef = E662D24C218B3D9B00A6B9E9 /* scanSuccess.wav */; };
		E662D259218B3DB200A6B9E9 /* CamoraAssets.xcassets in Resources */ = {isa = PBXBuildFile; fileRef = E662D252218B3DB200A6B9E9 /* CamoraAssets.xcassets */; };
		E662D25A218B3DB200A6B9E9 /* YDCamoraViewController.m in Sources */ = {isa = PBXBuildFile; fileRef = E662D254218B3DB200A6B9E9 /* YDCamoraViewController.m */; };
		E662D25B218B3DB200A6B9E9 /* YDLoacationManager.m in Sources */ = {isa = PBXBuildFile; fileRef = E662D256218B3DB200A6B9E9 /* YDLoacationManager.m */; };
		E662D25C218B3DB200A6B9E9 /* YDWeakProxy.m in Sources */ = {isa = PBXBuildFile; fileRef = E662D258218B3DB200A6B9E9 /* YDWeakProxy.m */; };
		E662D273218B3DBF00A6B9E9 /* YDPhotoAlbumManager.m in Sources */ = {isa = PBXBuildFile; fileRef = E662D260218B3DBF00A6B9E9 /* YDPhotoAlbumManager.m */; };
		E662D274218B3DBF00A6B9E9 /* YDPhotoGroupModel.m in Sources */ = {isa = PBXBuildFile; fileRef = E662D262218B3DBF00A6B9E9 /* YDPhotoGroupModel.m */; };
		E662D275218B3DBF00A6B9E9 /* YDPhotoGroupTableViewCell.m in Sources */ = {isa = PBXBuildFile; fileRef = E662D264218B3DBF00A6B9E9 /* YDPhotoGroupTableViewCell.m */; };
		E662D276218B3DBF00A6B9E9 /* YDPhotoGroupViewController.m in Sources */ = {isa = PBXBuildFile; fileRef = E662D266218B3DBF00A6B9E9 /* YDPhotoGroupViewController.m */; };
		E662D277218B3DBF00A6B9E9 /* ydhoto_back@2x.png in Resources */ = {isa = PBXBuildFile; fileRef = E662D268218B3DBF00A6B9E9 /* ydhoto_back@2x.png */; };
		E662D278218B3DBF00A6B9E9 /* ydhoto_select_no@2x.png in Resources */ = {isa = PBXBuildFile; fileRef = E662D269218B3DBF00A6B9E9 /* ydhoto_select_no@2x.png */; };
		E662D279218B3DBF00A6B9E9 /* ydhoto_select_yes@2x.png in Resources */ = {isa = PBXBuildFile; fileRef = E662D26A218B3DBF00A6B9E9 /* ydhoto_select_yes@2x.png */; };
		E662D27A218B3DBF00A6B9E9 /* YDPhotoAlbumCollectionViewCell.m in Sources */ = {isa = PBXBuildFile; fileRef = E662D26D218B3DBF00A6B9E9 /* YDPhotoAlbumCollectionViewCell.m */; };
		E662D27B218B3DBF00A6B9E9 /* YDPhotoAlbumViewController.m in Sources */ = {isa = PBXBuildFile; fileRef = E662D26F218B3DBF00A6B9E9 /* YDPhotoAlbumViewController.m */; };
		E662D27C218B3DBF00A6B9E9 /* YDPhotoAlbumNaviViewController.m in Sources */ = {isa = PBXBuildFile; fileRef = E662D272218B3DBF00A6B9E9 /* YDPhotoAlbumNaviViewController.m */; };
		E662D2C2218EDBCB00A6B9E9 /* HomeSecriteViewController.m in Sources */ = {isa = PBXBuildFile; fileRef = E662D2C1218EDBCB00A6B9E9 /* HomeSecriteViewController.m */; };
		E662D2C5218EDD3400A6B9E9 /* YDSecritManger.m in Sources */ = {isa = PBXBuildFile; fileRef = E662D2C4218EDD3400A6B9E9 /* YDSecritManger.m */; };
		E662D2D4218EE2C000A6B9E9 /* LJContactManager.m in Sources */ = {isa = PBXBuildFile; fileRef = E662D2CB218EE2C000A6B9E9 /* LJContactManager.m */; };
		E662D2D5218EE2C000A6B9E9 /* LJPeoplePickerDelegate.m in Sources */ = {isa = PBXBuildFile; fileRef = E662D2CD218EE2C000A6B9E9 /* LJPeoplePickerDelegate.m */; };
		E662D2D6218EE2C000A6B9E9 /* LJPerson.m in Sources */ = {isa = PBXBuildFile; fileRef = E662D2CF218EE2C000A6B9E9 /* LJPerson.m */; };
		E662D2D7218EE2C000A6B9E9 /* LJPickerDetailDelegate.m in Sources */ = {isa = PBXBuildFile; fileRef = E662D2D1218EE2C000A6B9E9 /* LJPickerDetailDelegate.m */; };
		E662D2D8218EE2C000A6B9E9 /* NSString+LJExtension.m in Sources */ = {isa = PBXBuildFile; fileRef = E662D2D3218EE2C000A6B9E9 /* NSString+LJExtension.m */; };
		E662D2E82197F1AA00A6B9E9 /* tab_life_select.png in Resources */ = {isa = PBXBuildFile; fileRef = E662D2E22197F1AA00A6B9E9 /* tab_life_select.png */; };
		E662D2E92197F1AA00A6B9E9 /* tab_person_normal.png in Resources */ = {isa = PBXBuildFile; fileRef = E662D2E32197F1AA00A6B9E9 /* tab_person_normal.png */; };
		E662D2EA2197F1AA00A6B9E9 /* tab_person_select.png in Resources */ = {isa = PBXBuildFile; fileRef = E662D2E42197F1AA00A6B9E9 /* tab_person_select.png */; };
		E662D2EB2197F1AA00A6B9E9 /* tab_home_normal.png in Resources */ = {isa = PBXBuildFile; fileRef = E662D2E52197F1AA00A6B9E9 /* tab_home_normal.png */; };
		E662D2EC2197F1AA00A6B9E9 /* tab_home_select.png in Resources */ = {isa = PBXBuildFile; fileRef = E662D2E62197F1AA00A6B9E9 /* tab_home_select.png */; };
		E662D2ED2197F1AA00A6B9E9 /* tab_life_normal.png in Resources */ = {isa = PBXBuildFile; fileRef = E662D2E72197F1AA00A6B9E9 /* tab_life_normal.png */; };
		E662D2F02197F1F700A6B9E9 /* tab_profit_normal.png in Resources */ = {isa = PBXBuildFile; fileRef = E662D2EE2197F1F700A6B9E9 /* tab_profit_normal.png */; };
		E662D2F12197F1F700A6B9E9 /* tab_profit_select.png in Resources */ = {isa = PBXBuildFile; fileRef = E662D2EF2197F1F700A6B9E9 /* tab_profit_select.png */; };
		E662D2FA2198176E00A6B9E9 /* YDCoverLocation.m in Sources */ = {isa = PBXBuildFile; fileRef = E662D2F82198176D00A6B9E9 /* YDCoverLocation.m */; };
		E6C6D1EC219DB38C0026C0E5 /* HttpRequestServices.m in Sources */ = {isa = PBXBuildFile; fileRef = E6C6D1EB219DB38C0026C0E5 /* HttpRequestServices.m */; };
/* End PBXBuildFile section */

/* Begin PBXFileReference section */
		0ACE5BB1B7D643188422D76C /* Pods-KuangJia.release.xcconfig */ = {isa = PBXFileReference; includeInIndex = 1; lastKnownFileType = text.xcconfig; name = "Pods-KuangJia.release.xcconfig"; path = "Pods/Target Support Files/Pods-KuangJia/Pods-KuangJia.release.xcconfig"; sourceTree = "<group>"; };
		25FF6B74BF10169A07AC3F86 /* libPods-KuangJia.a */ = {isa = PBXFileReference; explicitFileType = archive.ar; includeInIndex = 0; path = "libPods-KuangJia.a"; sourceTree = BUILT_PRODUCTS_DIR; };
		647D507DEEC1A48F35A0EBDE /* Pods-KuangJia.debug.xcconfig */ = {isa = PBXFileReference; includeInIndex = 1; lastKnownFileType = text.xcconfig; name = "Pods-KuangJia.debug.xcconfig"; path = "Pods/Target Support Files/Pods-KuangJia/Pods-KuangJia.debug.xcconfig"; sourceTree = "<group>"; };
		8534BC6C218EE4EB00A0EC4E /* JSBContactPlugin.h */ = {isa = PBXFileReference; fileEncoding = 4; lastKnownFileType = sourcecode.c.h; path = JSBContactPlugin.h; sourceTree = "<group>"; };
		8534BC6D218EE4EB00A0EC4E /* JSBLoginPlugin.m */ = {isa = PBXFileReference; fileEncoding = 4; lastKnownFileType = sourcecode.c.objc; path = JSBLoginPlugin.m; sourceTree = "<group>"; };
		8534BC6F218EE4EB00A0EC4E /* JSBContactPlugin.m */ = {isa = PBXFileReference; fileEncoding = 4; lastKnownFileType = sourcecode.c.objc; path = JSBContactPlugin.m; sourceTree = "<group>"; };
		8534BC70218EE4EB00A0EC4E /* JSBAlbumPlugin.m */ = {isa = PBXFileReference; fileEncoding = 4; lastKnownFileType = sourcecode.c.objc; path = JSBAlbumPlugin.m; sourceTree = "<group>"; };
		8534BC71218EE4EB00A0EC4E /* JSBLoginPlugin.h */ = {isa = PBXFileReference; fileEncoding = 4; lastKnownFileType = sourcecode.c.h; path = JSBLoginPlugin.h; sourceTree = "<group>"; };
		8534BC73218EE4EC00A0EC4E /* JSBOpenCameraPlugin.h */ = {isa = PBXFileReference; fileEncoding = 4; lastKnownFileType = sourcecode.c.h; path = JSBOpenCameraPlugin.h; sourceTree = "<group>"; };
		8534BC74218EE4EC00A0EC4E /* JSBOpenCameraPlugin.m */ = {isa = PBXFileReference; fileEncoding = 4; lastKnownFileType = sourcecode.c.objc; path = JSBOpenCameraPlugin.m; sourceTree = "<group>"; };
		8534BC75218EE4EC00A0EC4E /* JSBQrCodeScannerPlugin.h */ = {isa = PBXFileReference; fileEncoding = 4; lastKnownFileType = sourcecode.c.h; path = JSBQrCodeScannerPlugin.h; sourceTree = "<group>"; };
		8534BC76218EE4EC00A0EC4E /* JSBAlbumPlugin.h */ = {isa = PBXFileReference; fileEncoding = 4; lastKnownFileType = sourcecode.c.h; path = JSBAlbumPlugin.h; sourceTree = "<group>"; };
		8534BC77218EE4EC00A0EC4E /* JSBQrCodeScannerPlugin.m */ = {isa = PBXFileReference; fileEncoding = 4; lastKnownFileType = sourcecode.c.objc; path = JSBQrCodeScannerPlugin.m; sourceTree = "<group>"; };
		8534BC7E218EE83C00A0EC4E /* JSBPlugins.h */ = {isa = PBXFileReference; lastKnownFileType = sourcecode.c.h; path = JSBPlugins.h; sourceTree = "<group>"; };
		8534BC80218F1BFE00A0EC4E /* WrapperViewController.h */ = {isa = PBXFileReference; lastKnownFileType = sourcecode.c.h; path = WrapperViewController.h; sourceTree = "<group>"; };
		8534BC81218F1BFE00A0EC4E /* WrapperViewController.m */ = {isa = PBXFileReference; lastKnownFileType = sourcecode.c.objc; path = WrapperViewController.m; sourceTree = "<group>"; };
		8534BC83218F265400A0EC4E /* TabBarController.h */ = {isa = PBXFileReference; lastKnownFileType = sourcecode.c.h; path = TabBarController.h; sourceTree = "<group>"; };
		8534BC84218F265400A0EC4E /* TabBarController.m */ = {isa = PBXFileReference; lastKnownFileType = sourcecode.c.objc; path = TabBarController.m; sourceTree = "<group>"; };
		8534BC86218F280100A0EC4E /* ProfileViewController.h */ = {isa = PBXFileReference; lastKnownFileType = sourcecode.c.h; path = ProfileViewController.h; sourceTree = "<group>"; };
		8534BC87218F280100A0EC4E /* ProfileViewController.m */ = {isa = PBXFileReference; lastKnownFileType = sourcecode.c.objc; path = ProfileViewController.m; sourceTree = "<group>"; };
		8534BC89218F287700A0EC4E /* ProfileViewController.xib */ = {isa = PBXFileReference; lastKnownFileType = file.xib; path = ProfileViewController.xib; sourceTree = "<group>"; };
		8534BC8B218F371B00A0EC4E /* JSBSendMessagePlugin.h */ = {isa = PBXFileReference; lastKnownFileType = sourcecode.c.h; path = JSBSendMessagePlugin.h; sourceTree = "<group>"; };
		8534BC8C218F371B00A0EC4E /* JSBSendMessagePlugin.m */ = {isa = PBXFileReference; lastKnownFileType = sourcecode.c.objc; path = JSBSendMessagePlugin.m; sourceTree = "<group>"; };
		8534BC8E218F38FE00A0EC4E /* JSBCallContactPlugin.h */ = {isa = PBXFileReference; lastKnownFileType = sourcecode.c.h; path = JSBCallContactPlugin.h; sourceTree = "<group>"; };
		8534BC8F218F38FE00A0EC4E /* JSBCallContactPlugin.m */ = {isa = PBXFileReference; lastKnownFileType = sourcecode.c.objc; path = JSBCallContactPlugin.m; sourceTree = "<group>"; };
		854A7715218588E90027704C /* JSBWebView.h */ = {isa = PBXFileReference; fileEncoding = 4; lastKnownFileType = sourcecode.c.h; path = JSBWebView.h; sourceTree = "<group>"; };
		854A7716218588E90027704C /* JSBWebView.m */ = {isa = PBXFileReference; fileEncoding = 4; lastKnownFileType = sourcecode.c.objc; path = JSBWebView.m; sourceTree = "<group>"; };
		854A7717218588EA0027704C /* JSBWebViewHandleProtocol.h */ = {isa = PBXFileReference; fileEncoding = 4; lastKnownFileType = sourcecode.c.h; path = JSBWebViewHandleProtocol.h; sourceTree = "<group>"; };
		854A771F218589100027704C /* JSBridgeViewController.h */ = {isa = PBXFileReference; lastKnownFileType = sourcecode.c.h; path = JSBridgeViewController.h; sourceTree = "<group>"; };
		854A7720218589100027704C /* JSBridgeViewController.m */ = {isa = PBXFileReference; lastKnownFileType = sourcecode.c.objc; path = JSBridgeViewController.m; sourceTree = "<group>"; };
		854A7722218589A90027704C /* index.html */ = {isa = PBXFileReference; fileEncoding = 4; lastKnownFileType = text.html; path = index.html; sourceTree = "<group>"; };
		CA6B049E218A6508005AC311 /* KJRegisterView.m */ = {isa = PBXFileReference; fileEncoding = 4; lastKnownFileType = sourcecode.c.objc; path = KJRegisterView.m; sourceTree = "<group>"; };
		CA6B049F218A6508005AC311 /* KJRegisterViewController.m */ = {isa = PBXFileReference; fileEncoding = 4; lastKnownFileType = sourcecode.c.objc; path = KJRegisterViewController.m; sourceTree = "<group>"; };
		CA6B04A0218A6508005AC311 /* KJRegisterView.h */ = {isa = PBXFileReference; fileEncoding = 4; lastKnownFileType = sourcecode.c.h; path = KJRegisterView.h; sourceTree = "<group>"; };
		CA6B04A1218A6508005AC311 /* KJRegisterViewController.h */ = {isa = PBXFileReference; fileEncoding = 4; lastKnownFileType = sourcecode.c.h; path = KJRegisterViewController.h; sourceTree = "<group>"; };
		CA6B04A3218A6508005AC311 /* KJForgetView.h */ = {isa = PBXFileReference; fileEncoding = 4; lastKnownFileType = sourcecode.c.h; path = KJForgetView.h; sourceTree = "<group>"; };
		CA6B04A4218A6508005AC311 /* KJForgetViewController.m */ = {isa = PBXFileReference; fileEncoding = 4; lastKnownFileType = sourcecode.c.objc; path = KJForgetViewController.m; sourceTree = "<group>"; };
		CA6B04A5218A6508005AC311 /* KJForgetViewController.h */ = {isa = PBXFileReference; fileEncoding = 4; lastKnownFileType = sourcecode.c.h; path = KJForgetViewController.h; sourceTree = "<group>"; };
		CA6B04A6218A6508005AC311 /* KJForgetView.m */ = {isa = PBXFileReference; fileEncoding = 4; lastKnownFileType = sourcecode.c.objc; path = KJForgetView.m; sourceTree = "<group>"; };
		CA6B04A7218A6508005AC311 /* XBMacroDefinition.h */ = {isa = PBXFileReference; fileEncoding = 4; lastKnownFileType = sourcecode.c.h; path = XBMacroDefinition.h; sourceTree = "<group>"; };
		CA6B04AF218A6514005AC311 /* KJCountryTableViewController.h */ = {isa = PBXFileReference; fileEncoding = 4; lastKnownFileType = sourcecode.c.h; path = KJCountryTableViewController.h; sourceTree = "<group>"; };
		CA6B04B0218A6514005AC311 /* KJLoginView.m */ = {isa = PBXFileReference; fileEncoding = 4; lastKnownFileType = sourcecode.c.objc; path = KJLoginView.m; sourceTree = "<group>"; };
		CA6B04B1218A6514005AC311 /* country.plist */ = {isa = PBXFileReference; fileEncoding = 4; lastKnownFileType = text.plist.xml; path = country.plist; sourceTree = "<group>"; };
		CA6B04B2218A6514005AC311 /* KJTextField.h */ = {isa = PBXFileReference; fileEncoding = 4; lastKnownFileType = sourcecode.c.h; path = KJTextField.h; sourceTree = "<group>"; };
		CA6B04B3218A6514005AC311 /* KJLoginViewController.h */ = {isa = PBXFileReference; fileEncoding = 4; lastKnownFileType = sourcecode.c.h; path = KJLoginViewController.h; sourceTree = "<group>"; };
		CA6B04B4218A6514005AC311 /* KJCountryTableViewController.m */ = {isa = PBXFileReference; fileEncoding = 4; lastKnownFileType = sourcecode.c.objc; path = KJCountryTableViewController.m; sourceTree = "<group>"; };
		CA6B04B5218A6514005AC311 /* KJTextField.m */ = {isa = PBXFileReference; fileEncoding = 4; lastKnownFileType = sourcecode.c.objc; path = KJTextField.m; sourceTree = "<group>"; };
		CA6B04B6218A6514005AC311 /* KJLoginView.h */ = {isa = PBXFileReference; fileEncoding = 4; lastKnownFileType = sourcecode.c.h; path = KJLoginView.h; sourceTree = "<group>"; };
		CA6B04B7218A6514005AC311 /* KJLoginViewController.m */ = {isa = PBXFileReference; fileEncoding = 4; lastKnownFileType = sourcecode.c.objc; path = KJLoginViewController.m; sourceTree = "<group>"; };
		CA6B04BB218A6514005AC311 /* back.png */ = {isa = PBXFileReference; lastKnownFileType = image.png; path = back.png; sourceTree = "<group>"; };
		CA6B04C4218A888B005AC311 /* close@3x.png */ = {isa = PBXFileReference; lastKnownFileType = image.png; path = "close@3x.png"; sourceTree = "<group>"; };
		CA6B04C5218A888B005AC311 /* close@2x.png */ = {isa = PBXFileReference; lastKnownFileType = image.png; path = "close@2x.png"; sourceTree = "<group>"; };
		CA6B04C8218AD553005AC311 /* KJResultDisplayController.h */ = {isa = PBXFileReference; fileEncoding = 4; lastKnownFileType = sourcecode.c.h; path = KJResultDisplayController.h; sourceTree = "<group>"; };
		CA6B04C9218AD553005AC311 /* KJResultDisplayController.m */ = {isa = PBXFileReference; fileEncoding = 4; lastKnownFileType = sourcecode.c.objc; path = KJResultDisplayController.m; sourceTree = "<group>"; };
		CA6B04E4218BB88E005AC311 /* UIColor+KJHEX.h */ = {isa = PBXFileReference; lastKnownFileType = sourcecode.c.h; path = "UIColor+KJHEX.h"; sourceTree = "<group>"; };
		CA6B04E5218BB88E005AC311 /* UIColor+KJHEX.m */ = {isa = PBXFileReference; lastKnownFileType = sourcecode.c.objc; path = "UIColor+KJHEX.m"; sourceTree = "<group>"; };
		CA6B04EB218BFFED005AC311 /* country.png */ = {isa = PBXFileReference; lastKnownFileType = image.png; path = country.png; sourceTree = "<group>"; };
		CA6B04EC218BFFED005AC311 /* country_gray.png */ = {isa = PBXFileReference; lastKnownFileType = image.png; path = country_gray.png; sourceTree = "<group>"; };
		CAD39D78219FD8D200CBA6E0 /* KJSetPwdViewController.h */ = {isa = PBXFileReference; lastKnownFileType = sourcecode.c.h; path = KJSetPwdViewController.h; sourceTree = "<group>"; };
		CAD39D79219FD8D200CBA6E0 /* KJSetPwdViewController.m */ = {isa = PBXFileReference; lastKnownFileType = sourcecode.c.objc; path = KJSetPwdViewController.m; sourceTree = "<group>"; };
		CAD39D7B21A1654000CBA6E0 /* KJLoginModel.h */ = {isa = PBXFileReference; lastKnownFileType = sourcecode.c.h; path = KJLoginModel.h; sourceTree = "<group>"; };
		CAD39D7C21A1654000CBA6E0 /* KJLoginModel.m */ = {isa = PBXFileReference; lastKnownFileType = sourcecode.c.objc; path = KJLoginModel.m; sourceTree = "<group>"; };
		E62A39C0217EB988005DC986 /* KuangJia.app */ = {isa = PBXFileReference; explicitFileType = wrapper.application; includeInIndex = 0; path = KuangJia.app; sourceTree = BUILT_PRODUCTS_DIR; };
		E62A39C3217EB988005DC986 /* AppDelegate.h */ = {isa = PBXFileReference; lastKnownFileType = sourcecode.c.h; path = AppDelegate.h; sourceTree = "<group>"; };
		E62A39C4217EB988005DC986 /* AppDelegate.m */ = {isa = PBXFileReference; lastKnownFileType = sourcecode.c.objc; path = AppDelegate.m; sourceTree = "<group>"; };
		E62A39C6217EB988005DC986 /* ViewController.h */ = {isa = PBXFileReference; lastKnownFileType = sourcecode.c.h; path = ViewController.h; sourceTree = "<group>"; };
		E62A39C7217EB988005DC986 /* ViewController.m */ = {isa = PBXFileReference; lastKnownFileType = sourcecode.c.objc; path = ViewController.m; sourceTree = "<group>"; };
		E62A39CA217EB988005DC986 /* Base */ = {isa = PBXFileReference; lastKnownFileType = file.storyboard; name = Base; path = Base.lproj/Main.storyboard; sourceTree = "<group>"; };
		E62A39CC217EB989005DC986 /* Assets.xcassets */ = {isa = PBXFileReference; lastKnownFileType = folder.assetcatalog; path = Assets.xcassets; sourceTree = "<group>"; };
		E62A39CF217EB989005DC986 /* Base */ = {isa = PBXFileReference; lastKnownFileType = file.storyboard; name = Base; path = Base.lproj/LaunchScreen.storyboard; sourceTree = "<group>"; };
		E62A39D1217EB989005DC986 /* Info.plist */ = {isa = PBXFileReference; lastKnownFileType = text.plist.xml; path = Info.plist; sourceTree = "<group>"; };
		E62A39D2217EB989005DC986 /* main.m */ = {isa = PBXFileReference; lastKnownFileType = sourcecode.c.objc; path = main.m; sourceTree = "<group>"; };
		E662D22B218B3D8400A6B9E9 /* YDScanerViewController.h */ = {isa = PBXFileReference; fileEncoding = 4; lastKnownFileType = sourcecode.c.h; path = YDScanerViewController.h; sourceTree = "<group>"; };
		E662D22C218B3D8400A6B9E9 /* YDScanerNaviViewController.h */ = {isa = PBXFileReference; fileEncoding = 4; lastKnownFileType = sourcecode.c.h; path = YDScanerNaviViewController.h; sourceTree = "<group>"; };
		E662D22D218B3D8400A6B9E9 /* YDScanerNaviViewController.m */ = {isa = PBXFileReference; fileEncoding = 4; lastKnownFileType = sourcecode.c.objc; path = YDScanerNaviViewController.m; sourceTree = "<group>"; };
		E662D22E218B3D8400A6B9E9 /* YDScanerViewController.m */ = {isa = PBXFileReference; fileEncoding = 4; lastKnownFileType = sourcecode.c.objc; path = YDScanerViewController.m; sourceTree = "<group>"; };
		E662D232218B3D8C00A6B9E9 /* IMY_NJKWebViewProgress.h */ = {isa = PBXFileReference; fileEncoding = 4; lastKnownFileType = sourcecode.c.h; path = IMY_NJKWebViewProgress.h; sourceTree = "<group>"; };
		E662D233218B3D8C00A6B9E9 /* IMY_NJKWebViewProgress.m */ = {isa = PBXFileReference; fileEncoding = 4; lastKnownFileType = sourcecode.c.objc; path = IMY_NJKWebViewProgress.m; sourceTree = "<group>"; };
		E662D234218B3D8C00A6B9E9 /* IMYWebView.h */ = {isa = PBXFileReference; fileEncoding = 4; lastKnownFileType = sourcecode.c.h; path = IMYWebView.h; sourceTree = "<group>"; };
		E662D235218B3D8C00A6B9E9 /* IMYWebView.m */ = {isa = PBXFileReference; fileEncoding = 4; lastKnownFileType = sourcecode.c.objc; path = IMYWebView.m; sourceTree = "<group>"; };
		E662D236218B3D8C00A6B9E9 /* WYWeakScriptMessageDelegate.h */ = {isa = PBXFileReference; fileEncoding = 4; lastKnownFileType = sourcecode.c.h; path = WYWeakScriptMessageDelegate.h; sourceTree = "<group>"; };
		E662D237218B3D8C00A6B9E9 /* WYWeakScriptMessageDelegate.m */ = {isa = PBXFileReference; fileEncoding = 4; lastKnownFileType = sourcecode.c.objc; path = WYWeakScriptMessageDelegate.m; sourceTree = "<group>"; };
		E662D238218B3D8C00A6B9E9 /* YDScanWebViewController.h */ = {isa = PBXFileReference; fileEncoding = 4; lastKnownFileType = sourcecode.c.h; path = YDScanWebViewController.h; sourceTree = "<group>"; };
		E662D239218B3D8C00A6B9E9 /* YDScanWebViewController.m */ = {isa = PBXFileReference; fileEncoding = 4; lastKnownFileType = sourcecode.c.objc; path = YDScanWebViewController.m; sourceTree = "<group>"; };
		E662D23F218B3D9400A6B9E9 /* UIColor+ARCatalog.h */ = {isa = PBXFileReference; fileEncoding = 4; lastKnownFileType = sourcecode.c.h; path = "UIColor+ARCatalog.h"; sourceTree = "<group>"; };
		E662D240218B3D9400A6B9E9 /* UIColor+ARCatalog.m */ = {isa = PBXFileReference; fileEncoding = 4; lastKnownFileType = sourcecode.c.objc; path = "UIColor+ARCatalog.m"; sourceTree = "<group>"; };
		E662D241218B3D9400A6B9E9 /* UIView+XBFrame.h */ = {isa = PBXFileReference; fileEncoding = 4; lastKnownFileType = sourcecode.c.h; path = "UIView+XBFrame.h"; sourceTree = "<group>"; };
		E662D242218B3D9400A6B9E9 /* UIView+XBFrame.m */ = {isa = PBXFileReference; fileEncoding = 4; lastKnownFileType = sourcecode.c.objc; path = "UIView+XBFrame.m"; sourceTree = "<group>"; };
		E662D243218B3D9400A6B9E9 /* UtinityDefine.h */ = {isa = PBXFileReference; fileEncoding = 4; lastKnownFileType = sourcecode.c.h; path = UtinityDefine.h; sourceTree = "<group>"; };
		E662D244218B3D9400A6B9E9 /* XBWeakProxy.h */ = {isa = PBXFileReference; fileEncoding = 4; lastKnownFileType = sourcecode.c.h; path = XBWeakProxy.h; sourceTree = "<group>"; };
		E662D245218B3D9400A6B9E9 /* XBWeakProxy.m */ = {isa = PBXFileReference; fileEncoding = 4; lastKnownFileType = sourcecode.c.objc; path = XBWeakProxy.m; sourceTree = "<group>"; };
		E662D24A218B3D9B00A6B9E9 /* scan_circle@2x.png */ = {isa = PBXFileReference; lastKnownFileType = image.png; path = "scan_circle@2x.png"; sourceTree = "<group>"; };
		E662D24B218B3D9B00A6B9E9 /* scan_line@2x.png */ = {isa = PBXFileReference; lastKnownFileType = image.png; path = "scan_line@2x.png"; sourceTree = "<group>"; };
		E662D24C218B3D9B00A6B9E9 /* scanSuccess.wav */ = {isa = PBXFileReference; lastKnownFileType = audio.wav; path = scanSuccess.wav; sourceTree = "<group>"; };
		E662D252218B3DB200A6B9E9 /* CamoraAssets.xcassets */ = {isa = PBXFileReference; lastKnownFileType = folder.assetcatalog; path = CamoraAssets.xcassets; sourceTree = "<group>"; };
		E662D253218B3DB200A6B9E9 /* YDCamoraViewController.h */ = {isa = PBXFileReference; fileEncoding = 4; lastKnownFileType = sourcecode.c.h; path = YDCamoraViewController.h; sourceTree = "<group>"; };
		E662D254218B3DB200A6B9E9 /* YDCamoraViewController.m */ = {isa = PBXFileReference; fileEncoding = 4; lastKnownFileType = sourcecode.c.objc; path = YDCamoraViewController.m; sourceTree = "<group>"; };
		E662D255218B3DB200A6B9E9 /* YDLoacationManager.h */ = {isa = PBXFileReference; fileEncoding = 4; lastKnownFileType = sourcecode.c.h; path = YDLoacationManager.h; sourceTree = "<group>"; };
		E662D256218B3DB200A6B9E9 /* YDLoacationManager.m */ = {isa = PBXFileReference; fileEncoding = 4; lastKnownFileType = sourcecode.c.objc; path = YDLoacationManager.m; sourceTree = "<group>"; };
		E662D257218B3DB200A6B9E9 /* YDWeakProxy.h */ = {isa = PBXFileReference; fileEncoding = 4; lastKnownFileType = sourcecode.c.h; path = YDWeakProxy.h; sourceTree = "<group>"; };
		E662D258218B3DB200A6B9E9 /* YDWeakProxy.m */ = {isa = PBXFileReference; fileEncoding = 4; lastKnownFileType = sourcecode.c.objc; path = YDWeakProxy.m; sourceTree = "<group>"; };
		E662D25F218B3DBF00A6B9E9 /* YDPhotoAlbumManager.h */ = {isa = PBXFileReference; fileEncoding = 4; lastKnownFileType = sourcecode.c.h; path = YDPhotoAlbumManager.h; sourceTree = "<group>"; };
		E662D260218B3DBF00A6B9E9 /* YDPhotoAlbumManager.m */ = {isa = PBXFileReference; fileEncoding = 4; lastKnownFileType = sourcecode.c.objc; path = YDPhotoAlbumManager.m; sourceTree = "<group>"; };
		E662D261218B3DBF00A6B9E9 /* YDPhotoGroupModel.h */ = {isa = PBXFileReference; fileEncoding = 4; lastKnownFileType = sourcecode.c.h; path = YDPhotoGroupModel.h; sourceTree = "<group>"; };
		E662D262218B3DBF00A6B9E9 /* YDPhotoGroupModel.m */ = {isa = PBXFileReference; fileEncoding = 4; lastKnownFileType = sourcecode.c.objc; path = YDPhotoGroupModel.m; sourceTree = "<group>"; };
		E662D263218B3DBF00A6B9E9 /* YDPhotoGroupTableViewCell.h */ = {isa = PBXFileReference; fileEncoding = 4; lastKnownFileType = sourcecode.c.h; path = YDPhotoGroupTableViewCell.h; sourceTree = "<group>"; };
		E662D264218B3DBF00A6B9E9 /* YDPhotoGroupTableViewCell.m */ = {isa = PBXFileReference; fileEncoding = 4; lastKnownFileType = sourcecode.c.objc; path = YDPhotoGroupTableViewCell.m; sourceTree = "<group>"; };
		E662D265218B3DBF00A6B9E9 /* YDPhotoGroupViewController.h */ = {isa = PBXFileReference; fileEncoding = 4; lastKnownFileType = sourcecode.c.h; path = YDPhotoGroupViewController.h; sourceTree = "<group>"; };
		E662D266218B3DBF00A6B9E9 /* YDPhotoGroupViewController.m */ = {isa = PBXFileReference; fileEncoding = 4; lastKnownFileType = sourcecode.c.objc; path = YDPhotoGroupViewController.m; sourceTree = "<group>"; };
		E662D268218B3DBF00A6B9E9 /* ydhoto_back@2x.png */ = {isa = PBXFileReference; lastKnownFileType = image.png; path = "ydhoto_back@2x.png"; sourceTree = "<group>"; };
		E662D269218B3DBF00A6B9E9 /* ydhoto_select_no@2x.png */ = {isa = PBXFileReference; lastKnownFileType = image.png; path = "ydhoto_select_no@2x.png"; sourceTree = "<group>"; };
		E662D26A218B3DBF00A6B9E9 /* ydhoto_select_yes@2x.png */ = {isa = PBXFileReference; lastKnownFileType = image.png; path = "ydhoto_select_yes@2x.png"; sourceTree = "<group>"; };
		E662D26C218B3DBF00A6B9E9 /* YDPhotoAlbumCollectionViewCell.h */ = {isa = PBXFileReference; fileEncoding = 4; lastKnownFileType = sourcecode.c.h; path = YDPhotoAlbumCollectionViewCell.h; sourceTree = "<group>"; };
		E662D26D218B3DBF00A6B9E9 /* YDPhotoAlbumCollectionViewCell.m */ = {isa = PBXFileReference; fileEncoding = 4; lastKnownFileType = sourcecode.c.objc; path = YDPhotoAlbumCollectionViewCell.m; sourceTree = "<group>"; };
		E662D26E218B3DBF00A6B9E9 /* YDPhotoAlbumViewController.h */ = {isa = PBXFileReference; fileEncoding = 4; lastKnownFileType = sourcecode.c.h; path = YDPhotoAlbumViewController.h; sourceTree = "<group>"; };
		E662D26F218B3DBF00A6B9E9 /* YDPhotoAlbumViewController.m */ = {isa = PBXFileReference; fileEncoding = 4; lastKnownFileType = sourcecode.c.objc; path = YDPhotoAlbumViewController.m; sourceTree = "<group>"; };
		E662D271218B3DBF00A6B9E9 /* YDPhotoAlbumNaviViewController.h */ = {isa = PBXFileReference; fileEncoding = 4; lastKnownFileType = sourcecode.c.h; path = YDPhotoAlbumNaviViewController.h; sourceTree = "<group>"; };
		E662D272218B3DBF00A6B9E9 /* YDPhotoAlbumNaviViewController.m */ = {isa = PBXFileReference; fileEncoding = 4; lastKnownFileType = sourcecode.c.objc; path = YDPhotoAlbumNaviViewController.m; sourceTree = "<group>"; };
		E662D2C0218EDBCB00A6B9E9 /* HomeSecriteViewController.h */ = {isa = PBXFileReference; lastKnownFileType = sourcecode.c.h; path = HomeSecriteViewController.h; sourceTree = "<group>"; };
		E662D2C1218EDBCB00A6B9E9 /* HomeSecriteViewController.m */ = {isa = PBXFileReference; lastKnownFileType = sourcecode.c.objc; path = HomeSecriteViewController.m; sourceTree = "<group>"; };
		E662D2C3218EDD3400A6B9E9 /* YDSecritManger.h */ = {isa = PBXFileReference; lastKnownFileType = sourcecode.c.h; path = YDSecritManger.h; sourceTree = "<group>"; };
		E662D2C4218EDD3400A6B9E9 /* YDSecritManger.m */ = {isa = PBXFileReference; lastKnownFileType = sourcecode.c.objc; path = YDSecritManger.m; sourceTree = "<group>"; };
		E662D2CA218EE2C000A6B9E9 /* LJContactManager.h */ = {isa = PBXFileReference; fileEncoding = 4; lastKnownFileType = sourcecode.c.h; path = LJContactManager.h; sourceTree = "<group>"; };
		E662D2CB218EE2C000A6B9E9 /* LJContactManager.m */ = {isa = PBXFileReference; fileEncoding = 4; lastKnownFileType = sourcecode.c.objc; path = LJContactManager.m; sourceTree = "<group>"; };
		E662D2CC218EE2C000A6B9E9 /* LJPeoplePickerDelegate.h */ = {isa = PBXFileReference; fileEncoding = 4; lastKnownFileType = sourcecode.c.h; path = LJPeoplePickerDelegate.h; sourceTree = "<group>"; };
		E662D2CD218EE2C000A6B9E9 /* LJPeoplePickerDelegate.m */ = {isa = PBXFileReference; fileEncoding = 4; lastKnownFileType = sourcecode.c.objc; path = LJPeoplePickerDelegate.m; sourceTree = "<group>"; };
		E662D2CE218EE2C000A6B9E9 /* LJPerson.h */ = {isa = PBXFileReference; fileEncoding = 4; lastKnownFileType = sourcecode.c.h; path = LJPerson.h; sourceTree = "<group>"; };
		E662D2CF218EE2C000A6B9E9 /* LJPerson.m */ = {isa = PBXFileReference; fileEncoding = 4; lastKnownFileType = sourcecode.c.objc; path = LJPerson.m; sourceTree = "<group>"; };
		E662D2D0218EE2C000A6B9E9 /* LJPickerDetailDelegate.h */ = {isa = PBXFileReference; fileEncoding = 4; lastKnownFileType = sourcecode.c.h; path = LJPickerDetailDelegate.h; sourceTree = "<group>"; };
		E662D2D1218EE2C000A6B9E9 /* LJPickerDetailDelegate.m */ = {isa = PBXFileReference; fileEncoding = 4; lastKnownFileType = sourcecode.c.objc; path = LJPickerDetailDelegate.m; sourceTree = "<group>"; };
		E662D2D2218EE2C000A6B9E9 /* NSString+LJExtension.h */ = {isa = PBXFileReference; fileEncoding = 4; lastKnownFileType = sourcecode.c.h; path = "NSString+LJExtension.h"; sourceTree = "<group>"; };
		E662D2D3218EE2C000A6B9E9 /* NSString+LJExtension.m */ = {isa = PBXFileReference; fileEncoding = 4; lastKnownFileType = sourcecode.c.objc; path = "NSString+LJExtension.m"; sourceTree = "<group>"; };
		E662D2E22197F1AA00A6B9E9 /* tab_life_select.png */ = {isa = PBXFileReference; lastKnownFileType = image.png; path = tab_life_select.png; sourceTree = "<group>"; };
		E662D2E32197F1AA00A6B9E9 /* tab_person_normal.png */ = {isa = PBXFileReference; lastKnownFileType = image.png; path = tab_person_normal.png; sourceTree = "<group>"; };
		E662D2E42197F1AA00A6B9E9 /* tab_person_select.png */ = {isa = PBXFileReference; lastKnownFileType = image.png; path = tab_person_select.png; sourceTree = "<group>"; };
		E662D2E52197F1AA00A6B9E9 /* tab_home_normal.png */ = {isa = PBXFileReference; lastKnownFileType = image.png; path = tab_home_normal.png; sourceTree = "<group>"; };
		E662D2E62197F1AA00A6B9E9 /* tab_home_select.png */ = {isa = PBXFileReference; lastKnownFileType = image.png; path = tab_home_select.png; sourceTree = "<group>"; };
		E662D2E72197F1AA00A6B9E9 /* tab_life_normal.png */ = {isa = PBXFileReference; lastKnownFileType = image.png; path = tab_life_normal.png; sourceTree = "<group>"; };
		E662D2EE2197F1F700A6B9E9 /* tab_profit_normal.png */ = {isa = PBXFileReference; lastKnownFileType = image.png; path = tab_profit_normal.png; sourceTree = "<group>"; };
		E662D2EF2197F1F700A6B9E9 /* tab_profit_select.png */ = {isa = PBXFileReference; lastKnownFileType = image.png; path = tab_profit_select.png; sourceTree = "<group>"; };
		E662D2F82198176D00A6B9E9 /* YDCoverLocation.m */ = {isa = PBXFileReference; fileEncoding = 4; lastKnownFileType = sourcecode.c.objc; path = YDCoverLocation.m; sourceTree = "<group>"; };
		E662D2F92198176E00A6B9E9 /* YDCoverLocation.h */ = {isa = PBXFileReference; fileEncoding = 4; lastKnownFileType = sourcecode.c.h; path = YDCoverLocation.h; sourceTree = "<group>"; };
		E6C6D1EA219DB38C0026C0E5 /* HttpRequestServices.h */ = {isa = PBXFileReference; fileEncoding = 4; lastKnownFileType = sourcecode.c.h; path = HttpRequestServices.h; sourceTree = "<group>"; };
		E6C6D1EB219DB38C0026C0E5 /* HttpRequestServices.m */ = {isa = PBXFileReference; fileEncoding = 4; lastKnownFileType = sourcecode.c.objc; path = HttpRequestServices.m; sourceTree = "<group>"; };
/* End PBXFileReference section */

/* Begin PBXFrameworksBuildPhase section */
		E62A39BD217EB988005DC986 /* Frameworks */ = {
			isa = PBXFrameworksBuildPhase;
			buildActionMask = 2147483647;
			files = (
				8E1DF332FC4AC0F70FD10525 /* libPods-KuangJia.a in Frameworks */,
			);
			runOnlyForDeploymentPostprocessing = 0;
		};
/* End PBXFrameworksBuildPhase section */

/* Begin PBXGroup section */
		8534BC6B218EE1FC00A0EC4E /* Plugin */ = {
			isa = PBXGroup;
			children = (
				8534BC76218EE4EC00A0EC4E /* JSBAlbumPlugin.h */,
				8534BC70218EE4EB00A0EC4E /* JSBAlbumPlugin.m */,
				8534BC6C218EE4EB00A0EC4E /* JSBContactPlugin.h */,
				8534BC6F218EE4EB00A0EC4E /* JSBContactPlugin.m */,
				8534BC71218EE4EB00A0EC4E /* JSBLoginPlugin.h */,
				8534BC6D218EE4EB00A0EC4E /* JSBLoginPlugin.m */,
				8534BC73218EE4EC00A0EC4E /* JSBOpenCameraPlugin.h */,
				8534BC74218EE4EC00A0EC4E /* JSBOpenCameraPlugin.m */,
				8534BC75218EE4EC00A0EC4E /* JSBQrCodeScannerPlugin.h */,
				8534BC77218EE4EC00A0EC4E /* JSBQrCodeScannerPlugin.m */,
				8534BC8B218F371B00A0EC4E /* JSBSendMessagePlugin.h */,
				8534BC8C218F371B00A0EC4E /* JSBSendMessagePlugin.m */,
				8534BC8E218F38FE00A0EC4E /* JSBCallContactPlugin.h */,
				8534BC8F218F38FE00A0EC4E /* JSBCallContactPlugin.m */,
				8534BC7E218EE83C00A0EC4E /* JSBPlugins.h */,
			);
			path = Plugin;
			sourceTree = "<group>";
		};
		8534BC7F218F1BA700A0EC4E /* WrapperViewController */ = {
			isa = PBXGroup;
			children = (
				8534BC80218F1BFE00A0EC4E /* WrapperViewController.h */,
				8534BC81218F1BFE00A0EC4E /* WrapperViewController.m */,
			);
			path = WrapperViewController;
			sourceTree = "<group>";
		};
		854A7714218588D00027704C /* JSBridge */ = {
			isa = PBXGroup;
			children = (
				8534BC6B218EE1FC00A0EC4E /* Plugin */,
				854A7722218589A90027704C /* index.html */,
				854A7715218588E90027704C /* JSBWebView.h */,
				854A7716218588E90027704C /* JSBWebView.m */,
				854A7717218588EA0027704C /* JSBWebViewHandleProtocol.h */,
				854A771F218589100027704C /* JSBridgeViewController.h */,
				854A7720218589100027704C /* JSBridgeViewController.m */,
			);
			path = JSBridge;
			sourceTree = "<group>";
		};
		B220EFFE06A120352F065DC9 /* Frameworks */ = {
			isa = PBXGroup;
			children = (
				25FF6B74BF10169A07AC3F86 /* libPods-KuangJia.a */,
			);
			name = Frameworks;
			sourceTree = "<group>";
		};
		CA6B049D218A6508005AC311 /* Register */ = {
			isa = PBXGroup;
			children = (
				CA6B04A0218A6508005AC311 /* KJRegisterView.h */,
				CA6B049E218A6508005AC311 /* KJRegisterView.m */,
				CA6B04A1218A6508005AC311 /* KJRegisterViewController.h */,
				CA6B049F218A6508005AC311 /* KJRegisterViewController.m */,
			);
			path = Register;
			sourceTree = "<group>";
		};
		CA6B04A2218A6508005AC311 /* Forget */ = {
			isa = PBXGroup;
			children = (
				CA6B04A3218A6508005AC311 /* KJForgetView.h */,
				CA6B04A6218A6508005AC311 /* KJForgetView.m */,
				CA6B04A5218A6508005AC311 /* KJForgetViewController.h */,
				CA6B04A4218A6508005AC311 /* KJForgetViewController.m */,
			);
			path = Forget;
			sourceTree = "<group>";
		};
		CA6B04AD218A6514005AC311 /* Login */ = {
			isa = PBXGroup;
			children = (
				CA6B04DB218BB5EB005AC311 /* Tool */,
				CA6B04B8218A6514005AC311 /* Resource */,
				CA6B04AE218A6514005AC311 /* View */,
			);
			path = Login;
			sourceTree = "<group>";
		};
		CA6B04AE218A6514005AC311 /* View */ = {
			isa = PBXGroup;
			children = (
				CA6B04B1218A6514005AC311 /* country.plist */,
				CA6B04B6218A6514005AC311 /* KJLoginView.h */,
				CA6B04B0218A6514005AC311 /* KJLoginView.m */,
				CA6B04B3218A6514005AC311 /* KJLoginViewController.h */,
				CA6B04B7218A6514005AC311 /* KJLoginViewController.m */,
				CA6B04AF218A6514005AC311 /* KJCountryTableViewController.h */,
				CA6B04B4218A6514005AC311 /* KJCountryTableViewController.m */,
				CA6B04C8218AD553005AC311 /* KJResultDisplayController.h */,
				CA6B04C9218AD553005AC311 /* KJResultDisplayController.m */,
				CAD39D7B21A1654000CBA6E0 /* KJLoginModel.h */,
				CAD39D7C21A1654000CBA6E0 /* KJLoginModel.m */,
			);
			path = View;
			sourceTree = "<group>";
		};
		CA6B04B8218A6514005AC311 /* Resource */ = {
			isa = PBXGroup;
			children = (
				CA6B04C5218A888B005AC311 /* close@2x.png */,
				CA6B04C4218A888B005AC311 /* close@3x.png */,
				CA6B04EC218BFFED005AC311 /* country_gray.png */,
				CA6B04EB218BFFED005AC311 /* country.png */,
				CA6B04BB218A6514005AC311 /* back.png */,
			);
			path = Resource;
			sourceTree = "<group>";
		};
		CA6B04DB218BB5EB005AC311 /* Tool */ = {
			isa = PBXGroup;
			children = (
				CA6B04B2218A6514005AC311 /* KJTextField.h */,
				CA6B04B5218A6514005AC311 /* KJTextField.m */,
				CA6B04E4218BB88E005AC311 /* UIColor+KJHEX.h */,
				CA6B04E5218BB88E005AC311 /* UIColor+KJHEX.m */,
			);
			path = Tool;
			sourceTree = "<group>";
		};
		CAD39D77219FD89B00CBA6E0 /* SetPwd */ = {
			isa = PBXGroup;
			children = (
				CAD39D78219FD8D200CBA6E0 /* KJSetPwdViewController.h */,
				CAD39D79219FD8D200CBA6E0 /* KJSetPwdViewController.m */,
			);
			path = SetPwd;
			sourceTree = "<group>";
		};
		E62A39B7217EB988005DC986 = {
			isa = PBXGroup;
			children = (
				E62A39C2217EB988005DC986 /* KuangJia */,
				E62A39C1217EB988005DC986 /* Products */,
				FBED94C887C4A368FA892AAA /* Pods */,
				B220EFFE06A120352F065DC9 /* Frameworks */,
			);
			sourceTree = "<group>";
		};
		E62A39C1217EB988005DC986 /* Products */ = {
			isa = PBXGroup;
			children = (
				E62A39C0217EB988005DC986 /* KuangJia.app */,
			);
			name = Products;
			sourceTree = "<group>";
		};
		E62A39C2217EB988005DC986 /* KuangJia */ = {
			isa = PBXGroup;
			children = (
				CAD39D77219FD89B00CBA6E0 /* SetPwd */,
				E662D2E12197F1A000A6B9E9 /* Resource */,
				8534BC7F218F1BA700A0EC4E /* WrapperViewController */,
				E662D2C9218EE2C000A6B9E9 /* LJContactManager */,
				E662D2BF218EDA8E00A6B9E9 /* SecritTest */,
				E662D229218B3D3C00A6B9E9 /* CustomService */,
				CA6B04AD218A6514005AC311 /* Login */,
				CA6B04A2218A6508005AC311 /* Forget */,
				CA6B049D218A6508005AC311 /* Register */,
				CA6B04A7218A6508005AC311 /* XBMacroDefinition.h */,
				854A7714218588D00027704C /* JSBridge */,
				E62A39C3217EB988005DC986 /* AppDelegate.h */,
				E62A39C4217EB988005DC986 /* AppDelegate.m */,
				8534BC83218F265400A0EC4E /* TabBarController.h */,
				8534BC84218F265400A0EC4E /* TabBarController.m */,
				E662D2C0218EDBCB00A6B9E9 /* HomeSecriteViewController.h */,
				E662D2C1218EDBCB00A6B9E9 /* HomeSecriteViewController.m */,
				8534BC86218F280100A0EC4E /* ProfileViewController.h */,
				8534BC87218F280100A0EC4E /* ProfileViewController.m */,
				8534BC89218F287700A0EC4E /* ProfileViewController.xib */,
				E62A39C6217EB988005DC986 /* ViewController.h */,
				E62A39C7217EB988005DC986 /* ViewController.m */,
				E62A39C9217EB988005DC986 /* Main.storyboard */,
				E62A39CC217EB989005DC986 /* Assets.xcassets */,
				E62A39CE217EB989005DC986 /* LaunchScreen.storyboard */,
				E62A39D1217EB989005DC986 /* Info.plist */,
				E62A39D2217EB989005DC986 /* main.m */,
			);
			path = KuangJia;
			sourceTree = "<group>";
		};
		E662D229218B3D3C00A6B9E9 /* CustomService */ = {
			isa = PBXGroup;
			children = (
				E6C6D1E9219DB38C0026C0E5 /* HttpRequest */,
				E662D25D218B3DBF00A6B9E9 /* YDPhotoAlbum */,
				E662D250218B3DB200A6B9E9 /* ShuiYinCamora */,
				E662D23E218B3D9400A6B9E9 /* viewTools */,
				E662D231218B3D8C00A6B9E9 /* WebVIew */,
				E662D22A218B3D6C00A6B9E9 /* ScanView */,
			);
			path = CustomService;
			sourceTree = "<group>";
		};
		E662D22A218B3D6C00A6B9E9 /* ScanView */ = {
			isa = PBXGroup;
			children = (
				E662D249218B3D9B00A6B9E9 /* resource */,
				E662D22C218B3D8400A6B9E9 /* YDScanerNaviViewController.h */,
				E662D22D218B3D8400A6B9E9 /* YDScanerNaviViewController.m */,
				E662D22B218B3D8400A6B9E9 /* YDScanerViewController.h */,
				E662D22E218B3D8400A6B9E9 /* YDScanerViewController.m */,
			);
			path = ScanView;
			sourceTree = "<group>";
		};
		E662D231218B3D8C00A6B9E9 /* WebVIew */ = {
			isa = PBXGroup;
			children = (
				E662D232218B3D8C00A6B9E9 /* IMY_NJKWebViewProgress.h */,
				E662D233218B3D8C00A6B9E9 /* IMY_NJKWebViewProgress.m */,
				E662D234218B3D8C00A6B9E9 /* IMYWebView.h */,
				E662D235218B3D8C00A6B9E9 /* IMYWebView.m */,
				E662D236218B3D8C00A6B9E9 /* WYWeakScriptMessageDelegate.h */,
				E662D237218B3D8C00A6B9E9 /* WYWeakScriptMessageDelegate.m */,
				E662D238218B3D8C00A6B9E9 /* YDScanWebViewController.h */,
				E662D239218B3D8C00A6B9E9 /* YDScanWebViewController.m */,
			);
			path = WebVIew;
			sourceTree = "<group>";
		};
		E662D23E218B3D9400A6B9E9 /* viewTools */ = {
			isa = PBXGroup;
			children = (
				E662D23F218B3D9400A6B9E9 /* UIColor+ARCatalog.h */,
				E662D240218B3D9400A6B9E9 /* UIColor+ARCatalog.m */,
				E662D241218B3D9400A6B9E9 /* UIView+XBFrame.h */,
				E662D242218B3D9400A6B9E9 /* UIView+XBFrame.m */,
				E662D243218B3D9400A6B9E9 /* UtinityDefine.h */,
				E662D244218B3D9400A6B9E9 /* XBWeakProxy.h */,
				E662D245218B3D9400A6B9E9 /* XBWeakProxy.m */,
			);
			path = viewTools;
			sourceTree = "<group>";
		};
		E662D249218B3D9B00A6B9E9 /* resource */ = {
			isa = PBXGroup;
			children = (
				E662D24A218B3D9B00A6B9E9 /* scan_circle@2x.png */,
				E662D24B218B3D9B00A6B9E9 /* scan_line@2x.png */,
				E662D24C218B3D9B00A6B9E9 /* scanSuccess.wav */,
			);
			path = resource;
			sourceTree = "<group>";
		};
		E662D250218B3DB200A6B9E9 /* ShuiYinCamora */ = {
			isa = PBXGroup;
			children = (
				E662D251218B3DB200A6B9E9 /* Reasource */,
				E662D2F92198176E00A6B9E9 /* YDCoverLocation.h */,
				E662D2F82198176D00A6B9E9 /* YDCoverLocation.m */,
				E662D253218B3DB200A6B9E9 /* YDCamoraViewController.h */,
				E662D254218B3DB200A6B9E9 /* YDCamoraViewController.m */,
				E662D255218B3DB200A6B9E9 /* YDLoacationManager.h */,
				E662D256218B3DB200A6B9E9 /* YDLoacationManager.m */,
				E662D257218B3DB200A6B9E9 /* YDWeakProxy.h */,
				E662D258218B3DB200A6B9E9 /* YDWeakProxy.m */,
			);
			path = ShuiYinCamora;
			sourceTree = "<group>";
		};
		E662D251218B3DB200A6B9E9 /* Reasource */ = {
			isa = PBXGroup;
			children = (
				E662D252218B3DB200A6B9E9 /* CamoraAssets.xcassets */,
			);
			path = Reasource;
			sourceTree = "<group>";
		};
		E662D25D218B3DBF00A6B9E9 /* YDPhotoAlbum */ = {
			isa = PBXGroup;
			children = (
				E662D25E218B3DBF00A6B9E9 /* YDPhotoGroup */,
				E662D267218B3DBF00A6B9E9 /* YDPhotoImage */,
				E662D26B218B3DBF00A6B9E9 /* YDPhtoAlbum */,
				E662D270218B3DBF00A6B9E9 /* YDPotoNavigation */,
			);
			path = YDPhotoAlbum;
			sourceTree = "<group>";
		};
		E662D25E218B3DBF00A6B9E9 /* YDPhotoGroup */ = {
			isa = PBXGroup;
			children = (
				E662D25F218B3DBF00A6B9E9 /* YDPhotoAlbumManager.h */,
				E662D260218B3DBF00A6B9E9 /* YDPhotoAlbumManager.m */,
				E662D261218B3DBF00A6B9E9 /* YDPhotoGroupModel.h */,
				E662D262218B3DBF00A6B9E9 /* YDPhotoGroupModel.m */,
				E662D263218B3DBF00A6B9E9 /* YDPhotoGroupTableViewCell.h */,
				E662D264218B3DBF00A6B9E9 /* YDPhotoGroupTableViewCell.m */,
				E662D265218B3DBF00A6B9E9 /* YDPhotoGroupViewController.h */,
				E662D266218B3DBF00A6B9E9 /* YDPhotoGroupViewController.m */,
			);
			path = YDPhotoGroup;
			sourceTree = "<group>";
		};
		E662D267218B3DBF00A6B9E9 /* YDPhotoImage */ = {
			isa = PBXGroup;
			children = (
				E662D268218B3DBF00A6B9E9 /* ydhoto_back@2x.png */,
				E662D269218B3DBF00A6B9E9 /* ydhoto_select_no@2x.png */,
				E662D26A218B3DBF00A6B9E9 /* ydhoto_select_yes@2x.png */,
			);
			path = YDPhotoImage;
			sourceTree = "<group>";
		};
		E662D26B218B3DBF00A6B9E9 /* YDPhtoAlbum */ = {
			isa = PBXGroup;
			children = (
				E662D26C218B3DBF00A6B9E9 /* YDPhotoAlbumCollectionViewCell.h */,
				E662D26D218B3DBF00A6B9E9 /* YDPhotoAlbumCollectionViewCell.m */,
				E662D26E218B3DBF00A6B9E9 /* YDPhotoAlbumViewController.h */,
				E662D26F218B3DBF00A6B9E9 /* YDPhotoAlbumViewController.m */,
			);
			path = YDPhtoAlbum;
			sourceTree = "<group>";
		};
		E662D270218B3DBF00A6B9E9 /* YDPotoNavigation */ = {
			isa = PBXGroup;
			children = (
				E662D271218B3DBF00A6B9E9 /* YDPhotoAlbumNaviViewController.h */,
				E662D272218B3DBF00A6B9E9 /* YDPhotoAlbumNaviViewController.m */,
			);
			path = YDPotoNavigation;
			sourceTree = "<group>";
		};
		E662D2BF218EDA8E00A6B9E9 /* SecritTest */ = {
			isa = PBXGroup;
			children = (
				E662D2C3218EDD3400A6B9E9 /* YDSecritManger.h */,
				E662D2C4218EDD3400A6B9E9 /* YDSecritManger.m */,
			);
			path = SecritTest;
			sourceTree = "<group>";
		};
		E662D2C9218EE2C000A6B9E9 /* LJContactManager */ = {
			isa = PBXGroup;
			children = (
				E662D2CA218EE2C000A6B9E9 /* LJContactManager.h */,
				E662D2CB218EE2C000A6B9E9 /* LJContactManager.m */,
				E662D2CC218EE2C000A6B9E9 /* LJPeoplePickerDelegate.h */,
				E662D2CD218EE2C000A6B9E9 /* LJPeoplePickerDelegate.m */,
				E662D2CE218EE2C000A6B9E9 /* LJPerson.h */,
				E662D2CF218EE2C000A6B9E9 /* LJPerson.m */,
				E662D2D0218EE2C000A6B9E9 /* LJPickerDetailDelegate.h */,
				E662D2D1218EE2C000A6B9E9 /* LJPickerDetailDelegate.m */,
				E662D2D2218EE2C000A6B9E9 /* NSString+LJExtension.h */,
				E662D2D3218EE2C000A6B9E9 /* NSString+LJExtension.m */,
			);
			path = LJContactManager;
			sourceTree = "<group>";
		};
		E662D2E12197F1A000A6B9E9 /* Resource */ = {
			isa = PBXGroup;
			children = (
				E662D2EE2197F1F700A6B9E9 /* tab_profit_normal.png */,
				E662D2EF2197F1F700A6B9E9 /* tab_profit_select.png */,
				E662D2E52197F1AA00A6B9E9 /* tab_home_normal.png */,
				E662D2E62197F1AA00A6B9E9 /* tab_home_select.png */,
				E662D2E72197F1AA00A6B9E9 /* tab_life_normal.png */,
				E662D2E22197F1AA00A6B9E9 /* tab_life_select.png */,
				E662D2E32197F1AA00A6B9E9 /* tab_person_normal.png */,
				E662D2E42197F1AA00A6B9E9 /* tab_person_select.png */,
			);
			path = Resource;
			sourceTree = "<group>";
		};
		E6C6D1E9219DB38C0026C0E5 /* HttpRequest */ = {
			isa = PBXGroup;
			children = (
				E6C6D1EA219DB38C0026C0E5 /* HttpRequestServices.h */,
				E6C6D1EB219DB38C0026C0E5 /* HttpRequestServices.m */,
			);
			path = HttpRequest;
			sourceTree = "<group>";
		};
		FBED94C887C4A368FA892AAA /* Pods */ = {
			isa = PBXGroup;
			children = (
				647D507DEEC1A48F35A0EBDE /* Pods-KuangJia.debug.xcconfig */,
				0ACE5BB1B7D643188422D76C /* Pods-KuangJia.release.xcconfig */,
			);
			name = Pods;
			sourceTree = "<group>";
		};
/* End PBXGroup section */

/* Begin PBXNativeTarget section */
		E62A39BF217EB988005DC986 /* KuangJia */ = {
			isa = PBXNativeTarget;
			buildConfigurationList = E62A39D6217EB989005DC986 /* Build configuration list for PBXNativeTarget "KuangJia" */;
			buildPhases = (
				8894609477FF0A37D03808CB /* [CP] Check Pods Manifest.lock */,
				E62A39BC217EB988005DC986 /* Sources */,
				E62A39BD217EB988005DC986 /* Frameworks */,
				E62A39BE217EB988005DC986 /* Resources */,
			);
			buildRules = (
			);
			dependencies = (
			);
			name = KuangJia;
			productName = KuangJia;
			productReference = E62A39C0217EB988005DC986 /* KuangJia.app */;
			productType = "com.apple.product-type.application";
		};
/* End PBXNativeTarget section */

/* Begin PBXProject section */
		E62A39B8217EB988005DC986 /* Project object */ = {
			isa = PBXProject;
			attributes = {
				LastUpgradeCheck = 0940;
				ORGANIZATIONNAME = yidezhang;
				TargetAttributes = {
					E62A39BF217EB988005DC986 = {
						CreatedOnToolsVersion = 9.4;
					};
				};
			};
			buildConfigurationList = E62A39BB217EB988005DC986 /* Build configuration list for PBXProject "KuangJia" */;
			compatibilityVersion = "Xcode 9.3";
			developmentRegion = en;
			hasScannedForEncodings = 0;
			knownRegions = (
				en,
				Base,
			);
			mainGroup = E62A39B7217EB988005DC986;
			productRefGroup = E62A39C1217EB988005DC986 /* Products */;
			projectDirPath = "";
			projectRoot = "";
			targets = (
				E62A39BF217EB988005DC986 /* KuangJia */,
			);
		};
/* End PBXProject section */

/* Begin PBXResourcesBuildPhase section */
		E62A39BE217EB988005DC986 /* Resources */ = {
			isa = PBXResourcesBuildPhase;
			buildActionMask = 2147483647;
			files = (
				8534BC8A218F287700A0EC4E /* ProfileViewController.xib in Resources */,
				E662D2E82197F1AA00A6B9E9 /* tab_life_select.png in Resources */,
				E662D24F218B3D9C00A6B9E9 /* scanSuccess.wav in Resources */,
				CA6B04C6218A888C005AC311 /* close@3x.png in Resources */,
				E662D279218B3DBF00A6B9E9 /* ydhoto_select_yes@2x.png in Resources */,
				CA6B04BD218A6514005AC311 /* country.plist in Resources */,
				E62A39D0217EB989005DC986 /* LaunchScreen.storyboard in Resources */,
				854A7723218589A90027704C /* index.html in Resources */,
				E662D278218B3DBF00A6B9E9 /* ydhoto_select_no@2x.png in Resources */,
				E662D2F12197F1F700A6B9E9 /* tab_profit_select.png in Resources */,
				E662D2F02197F1F700A6B9E9 /* tab_profit_normal.png in Resources */,
				E662D24E218B3D9C00A6B9E9 /* scan_line@2x.png in Resources */,
				E662D259218B3DB200A6B9E9 /* CamoraAssets.xcassets in Resources */,
				E662D2EB2197F1AA00A6B9E9 /* tab_home_normal.png in Resources */,
				E662D2ED2197F1AA00A6B9E9 /* tab_life_normal.png in Resources */,
				CA6B04C7218A888C005AC311 /* close@2x.png in Resources */,
				CA6B04C3218A6514005AC311 /* back.png in Resources */,
				E662D2E92197F1AA00A6B9E9 /* tab_person_normal.png in Resources */,
				CA6B04ED218BFFED005AC311 /* country.png in Resources */,
				E662D2EA2197F1AA00A6B9E9 /* tab_person_select.png in Resources */,
				E662D2EC2197F1AA00A6B9E9 /* tab_home_select.png in Resources */,
				E62A39CD217EB989005DC986 /* Assets.xcassets in Resources */,
				E662D277218B3DBF00A6B9E9 /* ydhoto_back@2x.png in Resources */,
				E62A39CB217EB988005DC986 /* Main.storyboard in Resources */,
				E662D24D218B3D9C00A6B9E9 /* scan_circle@2x.png in Resources */,
				CA6B04EE218BFFED005AC311 /* country_gray.png in Resources */,
			);
			runOnlyForDeploymentPostprocessing = 0;
		};
/* End PBXResourcesBuildPhase section */

/* Begin PBXShellScriptBuildPhase section */
		8894609477FF0A37D03808CB /* [CP] Check Pods Manifest.lock */ = {
			isa = PBXShellScriptBuildPhase;
			buildActionMask = 2147483647;
			files = (
			);
			inputPaths = (
				"${PODS_PODFILE_DIR_PATH}/Podfile.lock",
				"${PODS_ROOT}/Manifest.lock",
			);
			name = "[CP] Check Pods Manifest.lock";
			outputPaths = (
				"$(DERIVED_FILE_DIR)/Pods-KuangJia-checkManifestLockResult.txt",
			);
			runOnlyForDeploymentPostprocessing = 0;
			shellPath = /bin/sh;
			shellScript = "diff \"${PODS_PODFILE_DIR_PATH}/Podfile.lock\" \"${PODS_ROOT}/Manifest.lock\" > /dev/null\nif [ $? != 0 ] ; then\n    # print error to STDERR\n    echo \"error: The sandbox is not in sync with the Podfile.lock. Run 'pod install' or update your CocoaPods installation.\" >&2\n    exit 1\nfi\n# This output is used by Xcode 'outputs' to avoid re-running this script phase.\necho \"SUCCESS\" > \"${SCRIPT_OUTPUT_FILE_0}\"\n";
			showEnvVarsInLog = 0;
		};
/* End PBXShellScriptBuildPhase section */

/* Begin PBXSourcesBuildPhase section */
		E62A39BC217EB988005DC986 /* Sources */ = {
			isa = PBXSourcesBuildPhase;
			buildActionMask = 2147483647;
			files = (
				E662D2C2218EDBCB00A6B9E9 /* HomeSecriteViewController.m in Sources */,
				CA6B04E6218BB88E005AC311 /* UIColor+KJHEX.m in Sources */,
				8534BC7D218EE4EC00A0EC4E /* JSBQrCodeScannerPlugin.m in Sources */,
				E662D247218B3D9400A6B9E9 /* UIView+XBFrame.m in Sources */,
				CA6B04A9218A6508005AC311 /* KJRegisterView.m in Sources */,
				E662D2FA2198176E00A6B9E9 /* YDCoverLocation.m in Sources */,
				E662D23B218B3D8C00A6B9E9 /* IMYWebView.m in Sources */,
				8534BC8D218F371B00A0EC4E /* JSBSendMessagePlugin.m in Sources */,
				CA6B04BC218A6514005AC311 /* KJLoginView.m in Sources */,
				CA6B04AC218A6508005AC311 /* KJForgetView.m in Sources */,
				E662D2D8218EE2C000A6B9E9 /* NSString+LJExtension.m in Sources */,
				E662D275218B3DBF00A6B9E9 /* YDPhotoGroupTableViewCell.m in Sources */,
				E662D246218B3D9400A6B9E9 /* UIColor+ARCatalog.m in Sources */,
				E62A39C8217EB988005DC986 /* ViewController.m in Sources */,
				CA6B04AB218A6508005AC311 /* KJForgetViewController.m in Sources */,
				CA6B04CA218AD554005AC311 /* KJResultDisplayController.m in Sources */,
				CA6B04C0218A6514005AC311 /* KJLoginViewController.m in Sources */,
				E662D25C218B3DB200A6B9E9 /* YDWeakProxy.m in Sources */,
				E662D2D6218EE2C000A6B9E9 /* LJPerson.m in Sources */,
				854A7721218589100027704C /* JSBridgeViewController.m in Sources */,
				E62A39D3217EB989005DC986 /* main.m in Sources */,
				E6C6D1EC219DB38C0026C0E5 /* HttpRequestServices.m in Sources */,
				E662D27C218B3DBF00A6B9E9 /* YDPhotoAlbumNaviViewController.m in Sources */,
				E662D248218B3D9400A6B9E9 /* XBWeakProxy.m in Sources */,
				8534BC7B218EE4EC00A0EC4E /* JSBAlbumPlugin.m in Sources */,
				E662D25B218B3DB200A6B9E9 /* YDLoacationManager.m in Sources */,
				8534BC82218F1BFE00A0EC4E /* WrapperViewController.m in Sources */,
				8534BC7C218EE4EC00A0EC4E /* JSBOpenCameraPlugin.m in Sources */,
				8534BC88218F280100A0EC4E /* ProfileViewController.m in Sources */,
				E662D2C5218EDD3400A6B9E9 /* YDSecritManger.m in Sources */,
				E662D27B218B3DBF00A6B9E9 /* YDPhotoAlbumViewController.m in Sources */,
				CA6B04BF218A6514005AC311 /* KJTextField.m in Sources */,
				E662D230218B3D8400A6B9E9 /* YDScanerViewController.m in Sources */,
				E662D23C218B3D8C00A6B9E9 /* WYWeakScriptMessageDelegate.m in Sources */,
				E662D2D4218EE2C000A6B9E9 /* LJContactManager.m in Sources */,
				E662D2D5218EE2C000A6B9E9 /* LJPeoplePickerDelegate.m in Sources */,
				E662D27A218B3DBF00A6B9E9 /* YDPhotoAlbumCollectionViewCell.m in Sources */,
				8534BC7A218EE4EC00A0EC4E /* JSBContactPlugin.m in Sources */,
				E662D276218B3DBF00A6B9E9 /* YDPhotoGroupViewController.m in Sources */,
				E662D23A218B3D8C00A6B9E9 /* IMY_NJKWebViewProgress.m in Sources */,
				E62A39C5217EB988005DC986 /* AppDelegate.m in Sources */,
				E662D25A218B3DB200A6B9E9 /* YDCamoraViewController.m in Sources */,
				CAD39D7A219FD8D200CBA6E0 /* KJSetPwdViewController.m in Sources */,
				CA6B04BE218A6514005AC311 /* KJCountryTableViewController.m in Sources */,
				E662D273218B3DBF00A6B9E9 /* YDPhotoAlbumManager.m in Sources */,
				CAD39D7D21A1654000CBA6E0 /* KJLoginModel.m in Sources */,
				E662D23D218B3D8C00A6B9E9 /* YDScanWebViewController.m in Sources */,
				8534BC90218F38FE00A0EC4E /* JSBCallContactPlugin.m in Sources */,
				E662D274218B3DBF00A6B9E9 /* YDPhotoGroupModel.m in Sources */,
				8534BC78218EE4EC00A0EC4E /* JSBLoginPlugin.m in Sources */,
				E662D22F218B3D8400A6B9E9 /* YDScanerNaviViewController.m in Sources */,
				E662D2D7218EE2C000A6B9E9 /* LJPickerDetailDelegate.m in Sources */,
				8534BC85218F265400A0EC4E /* TabBarController.m in Sources */,
				CA6B04AA218A6508005AC311 /* KJRegisterViewController.m in Sources */,
				854A7718218588EA0027704C /* JSBWebView.m in Sources */,
			);
			runOnlyForDeploymentPostprocessing = 0;
		};
/* End PBXSourcesBuildPhase section */

/* Begin PBXVariantGroup section */
		E62A39C9217EB988005DC986 /* Main.storyboard */ = {
			isa = PBXVariantGroup;
			children = (
				E62A39CA217EB988005DC986 /* Base */,
			);
			name = Main.storyboard;
			sourceTree = "<group>";
		};
		E62A39CE217EB989005DC986 /* LaunchScreen.storyboard */ = {
			isa = PBXVariantGroup;
			children = (
				E62A39CF217EB989005DC986 /* Base */,
			);
			name = LaunchScreen.storyboard;
			sourceTree = "<group>";
		};
/* End PBXVariantGroup section */

/* Begin XCBuildConfiguration section */
		E62A39D4217EB989005DC986 /* Debug */ = {
			isa = XCBuildConfiguration;
			buildSettings = {
				ALWAYS_SEARCH_USER_PATHS = NO;
				CLANG_ANALYZER_NONNULL = YES;
				CLANG_ANALYZER_NUMBER_OBJECT_CONVERSION = YES_AGGRESSIVE;
				CLANG_CXX_LANGUAGE_STANDARD = "gnu++14";
				CLANG_CXX_LIBRARY = "libc++";
				CLANG_ENABLE_MODULES = YES;
				CLANG_ENABLE_OBJC_ARC = YES;
				CLANG_ENABLE_OBJC_WEAK = YES;
				CLANG_WARN_BLOCK_CAPTURE_AUTORELEASING = YES;
				CLANG_WARN_BOOL_CONVERSION = YES;
				CLANG_WARN_COMMA = YES;
				CLANG_WARN_CONSTANT_CONVERSION = YES;
				CLANG_WARN_DEPRECATED_OBJC_IMPLEMENTATIONS = YES;
				CLANG_WARN_DIRECT_OBJC_ISA_USAGE = YES_ERROR;
				CLANG_WARN_DOCUMENTATION_COMMENTS = YES;
				CLANG_WARN_EMPTY_BODY = YES;
				CLANG_WARN_ENUM_CONVERSION = YES;
				CLANG_WARN_INFINITE_RECURSION = YES;
				CLANG_WARN_INT_CONVERSION = YES;
				CLANG_WARN_NON_LITERAL_NULL_CONVERSION = YES;
				CLANG_WARN_OBJC_IMPLICIT_RETAIN_SELF = YES;
				CLANG_WARN_OBJC_LITERAL_CONVERSION = YES;
				CLANG_WARN_OBJC_ROOT_CLASS = YES_ERROR;
				CLANG_WARN_RANGE_LOOP_ANALYSIS = YES;
				CLANG_WARN_STRICT_PROTOTYPES = YES;
				CLANG_WARN_SUSPICIOUS_MOVE = YES;
				CLANG_WARN_UNGUARDED_AVAILABILITY = YES_AGGRESSIVE;
				CLANG_WARN_UNREACHABLE_CODE = YES;
				CLANG_WARN__DUPLICATE_METHOD_MATCH = YES;
				CODE_SIGN_IDENTITY = "iPhone Developer";
				COPY_PHASE_STRIP = NO;
				DEBUG_INFORMATION_FORMAT = dwarf;
				ENABLE_STRICT_OBJC_MSGSEND = YES;
				ENABLE_TESTABILITY = YES;
				GCC_C_LANGUAGE_STANDARD = gnu11;
				GCC_DYNAMIC_NO_PIC = NO;
				GCC_NO_COMMON_BLOCKS = YES;
				GCC_OPTIMIZATION_LEVEL = 0;
				GCC_PREPROCESSOR_DEFINITIONS = (
					"DEBUG=1",
					"$(inherited)",
				);
				GCC_WARN_64_TO_32_BIT_CONVERSION = YES;
				GCC_WARN_ABOUT_RETURN_TYPE = YES_ERROR;
				GCC_WARN_UNDECLARED_SELECTOR = YES;
				GCC_WARN_UNINITIALIZED_AUTOS = YES_AGGRESSIVE;
				GCC_WARN_UNUSED_FUNCTION = YES;
				GCC_WARN_UNUSED_VARIABLE = YES;
				IPHONEOS_DEPLOYMENT_TARGET = 11.4;
				MTL_ENABLE_DEBUG_INFO = YES;
				ONLY_ACTIVE_ARCH = YES;
				SDKROOT = iphoneos;
			};
			name = Debug;
		};
		E62A39D5217EB989005DC986 /* Release */ = {
			isa = XCBuildConfiguration;
			buildSettings = {
				ALWAYS_SEARCH_USER_PATHS = NO;
				CLANG_ANALYZER_NONNULL = YES;
				CLANG_ANALYZER_NUMBER_OBJECT_CONVERSION = YES_AGGRESSIVE;
				CLANG_CXX_LANGUAGE_STANDARD = "gnu++14";
				CLANG_CXX_LIBRARY = "libc++";
				CLANG_ENABLE_MODULES = YES;
				CLANG_ENABLE_OBJC_ARC = YES;
				CLANG_ENABLE_OBJC_WEAK = YES;
				CLANG_WARN_BLOCK_CAPTURE_AUTORELEASING = YES;
				CLANG_WARN_BOOL_CONVERSION = YES;
				CLANG_WARN_COMMA = YES;
				CLANG_WARN_CONSTANT_CONVERSION = YES;
				CLANG_WARN_DEPRECATED_OBJC_IMPLEMENTATIONS = YES;
				CLANG_WARN_DIRECT_OBJC_ISA_USAGE = YES_ERROR;
				CLANG_WARN_DOCUMENTATION_COMMENTS = YES;
				CLANG_WARN_EMPTY_BODY = YES;
				CLANG_WARN_ENUM_CONVERSION = YES;
				CLANG_WARN_INFINITE_RECURSION = YES;
				CLANG_WARN_INT_CONVERSION = YES;
				CLANG_WARN_NON_LITERAL_NULL_CONVERSION = YES;
				CLANG_WARN_OBJC_IMPLICIT_RETAIN_SELF = YES;
				CLANG_WARN_OBJC_LITERAL_CONVERSION = YES;
				CLANG_WARN_OBJC_ROOT_CLASS = YES_ERROR;
				CLANG_WARN_RANGE_LOOP_ANALYSIS = YES;
				CLANG_WARN_STRICT_PROTOTYPES = YES;
				CLANG_WARN_SUSPICIOUS_MOVE = YES;
				CLANG_WARN_UNGUARDED_AVAILABILITY = YES_AGGRESSIVE;
				CLANG_WARN_UNREACHABLE_CODE = YES;
				CLANG_WARN__DUPLICATE_METHOD_MATCH = YES;
				CODE_SIGN_IDENTITY = "iPhone Developer";
				COPY_PHASE_STRIP = NO;
				DEBUG_INFORMATION_FORMAT = "dwarf-with-dsym";
				ENABLE_NS_ASSERTIONS = NO;
				ENABLE_STRICT_OBJC_MSGSEND = YES;
				GCC_C_LANGUAGE_STANDARD = gnu11;
				GCC_NO_COMMON_BLOCKS = YES;
				GCC_WARN_64_TO_32_BIT_CONVERSION = YES;
				GCC_WARN_ABOUT_RETURN_TYPE = YES_ERROR;
				GCC_WARN_UNDECLARED_SELECTOR = YES;
				GCC_WARN_UNINITIALIZED_AUTOS = YES_AGGRESSIVE;
				GCC_WARN_UNUSED_FUNCTION = YES;
				GCC_WARN_UNUSED_VARIABLE = YES;
				IPHONEOS_DEPLOYMENT_TARGET = 11.4;
				MTL_ENABLE_DEBUG_INFO = NO;
				SDKROOT = iphoneos;
				VALIDATE_PRODUCT = YES;
			};
			name = Release;
		};
		E62A39D7217EB989005DC986 /* Debug */ = {
			isa = XCBuildConfiguration;
			baseConfigurationReference = 647D507DEEC1A48F35A0EBDE /* Pods-KuangJia.debug.xcconfig */;
			buildSettings = {
				ASSETCATALOG_COMPILER_APPICON_NAME = AppIcon;
				CODE_SIGN_STYLE = Automatic;
				DEVELOPMENT_TEAM = S734R9XHYJ;
				INFOPLIST_FILE = KuangJia/Info.plist;
				IPHONEOS_DEPLOYMENT_TARGET = 9.0;
				LD_RUNPATH_SEARCH_PATHS = (
					"$(inherited)",
					"@executable_path/Frameworks",
				);
				PRODUCT_BUNDLE_IDENTIFIER = com.Test.KuangJia;
				PRODUCT_NAME = "$(TARGET_NAME)";
				TARGETED_DEVICE_FAMILY = 1;
			};
			name = Debug;
		};
		E62A39D8217EB989005DC986 /* Release */ = {
			isa = XCBuildConfiguration;
			baseConfigurationReference = 0ACE5BB1B7D643188422D76C /* Pods-KuangJia.release.xcconfig */;
			buildSettings = {
				ASSETCATALOG_COMPILER_APPICON_NAME = AppIcon;
				CODE_SIGN_STYLE = Automatic;
				DEVELOPMENT_TEAM = S734R9XHYJ;
				INFOPLIST_FILE = KuangJia/Info.plist;
				IPHONEOS_DEPLOYMENT_TARGET = 9.0;
				LD_RUNPATH_SEARCH_PATHS = (
					"$(inherited)",
					"@executable_path/Frameworks",
				);
				PRODUCT_BUNDLE_IDENTIFIER = com.Test.KuangJia;
				PRODUCT_NAME = "$(TARGET_NAME)";
				TARGETED_DEVICE_FAMILY = 1;
			};
			name = Release;
		};
/* End XCBuildConfiguration section */

/* Begin XCConfigurationList section */
		E62A39BB217EB988005DC986 /* Build configuration list for PBXProject "KuangJia" */ = {
			isa = XCConfigurationList;
			buildConfigurations = (
				E62A39D4217EB989005DC986 /* Debug */,
				E62A39D5217EB989005DC986 /* Release */,
			);
			defaultConfigurationIsVisible = 0;
			defaultConfigurationName = Release;
		};
		E62A39D6217EB989005DC986 /* Build configuration list for PBXNativeTarget "KuangJia" */ = {
			isa = XCConfigurationList;
			buildConfigurations = (
				E62A39D7217EB989005DC986 /* Debug */,
				E62A39D8217EB989005DC986 /* Release */,
			);
			defaultConfigurationIsVisible = 0;
			defaultConfigurationName = Release;
		};
/* End XCConfigurationList section */
	};
	rootObject = E62A39B8217EB988005DC986 /* Project object */;
}
